// !$*UTF8*$!
{
	archiveVersion = 1;
	classes = {
	};
	objectVersion = 46;
	objects = {

/* Begin PBXBuildFile section */
		3FB4D2C617C478F500DBCDB5 /* UIKit.framework in Frameworks */ = {isa = PBXBuildFile; fileRef = 3FB4D2C517C478F400DBCDB5 /* UIKit.framework */; };
		3FB4D2C817C478F500DBCDB5 /* Foundation.framework in Frameworks */ = {isa = PBXBuildFile; fileRef = 3FB4D2C717C478F500DBCDB5 /* Foundation.framework */; };
		3FB4D2CA17C478F500DBCDB5 /* CoreGraphics.framework in Frameworks */ = {isa = PBXBuildFile; fileRef = 3FB4D2C917C478F500DBCDB5 /* CoreGraphics.framework */; };
		3FB4D2D017C478F500DBCDB5 /* InfoPlist.strings in Resources */ = {isa = PBXBuildFile; fileRef = 3FB4D2CE17C478F500DBCDB5 /* InfoPlist.strings */; };
		3FB4D2D217C478F500DBCDB5 /* main.m in Sources */ = {isa = PBXBuildFile; fileRef = 3FB4D2D117C478F500DBCDB5 /* main.m */; };
		3FB4D2D617C478F500DBCDB5 /* PEPAppDelegate.m in Sources */ = {isa = PBXBuildFile; fileRef = 3FB4D2D517C478F500DBCDB5 /* PEPAppDelegate.m */; };
		3FB4D2D817C478F500DBCDB5 /* Default.png in Resources */ = {isa = PBXBuildFile; fileRef = 3FB4D2D717C478F500DBCDB5 /* Default.png */; };
		3FB4D2DA17C478F500DBCDB5 /* Default@2x.png in Resources */ = {isa = PBXBuildFile; fileRef = 3FB4D2D917C478F500DBCDB5 /* Default@2x.png */; };
		3FB4D2DC17C478F500DBCDB5 /* Default-568h@2x.png in Resources */ = {isa = PBXBuildFile; fileRef = 3FB4D2DB17C478F500DBCDB5 /* Default-568h@2x.png */; };
		3FB4D2DF17C478F500DBCDB5 /* PEPViewController.m in Sources */ = {isa = PBXBuildFile; fileRef = 3FB4D2DE17C478F500DBCDB5 /* PEPViewController.m */; };
		3FB4D2E217C478F500DBCDB5 /* PEPViewController_iPhone.xib in Resources */ = {isa = PBXBuildFile; fileRef = 3FB4D2E017C478F500DBCDB5 /* PEPViewController_iPhone.xib */; };
		3FB4D2E517C478F500DBCDB5 /* PEPViewController_iPad.xib in Resources */ = {isa = PBXBuildFile; fileRef = 3FB4D2E317C478F500DBCDB5 /* PEPViewController_iPad.xib */; };
		3FB4D2F317C47A6900DBCDB5 /* Icon.png in Resources */ = {isa = PBXBuildFile; fileRef = 3FB4D2F117C47A6900DBCDB5 /* Icon.png */; };
		3FB4D2F417C47A6900DBCDB5 /* Icon@2x.png in Resources */ = {isa = PBXBuildFile; fileRef = 3FB4D2F217C47A6900DBCDB5 /* Icon@2x.png */; };
		3FB4D2FA17C47BC800DBCDB5 /* logo.jpg in Resources */ = {isa = PBXBuildFile; fileRef = 3FB4D2F917C47BC800DBCDB5 /* logo.jpg */; };
		3FB4D2FE17C4803C00DBCDB5 /* PEPSignupViewController.m in Sources */ = {isa = PBXBuildFile; fileRef = 3FB4D2FC17C4803C00DBCDB5 /* PEPSignupViewController.m */; };
		3FB4D2FF17C4803C00DBCDB5 /* PEPSignupViewController.xib in Resources */ = {isa = PBXBuildFile; fileRef = 3FB4D2FD17C4803C00DBCDB5 /* PEPSignupViewController.xib */; };
		3FB4D30317C4828900DBCDB5 /* PEPDiscountViewController.m in Sources */ = {isa = PBXBuildFile; fileRef = 3FB4D30117C4828900DBCDB5 /* PEPDiscountViewController.m */; };
		3FB4D30417C4828900DBCDB5 /* PEPDiscountViewController.xib in Resources */ = {isa = PBXBuildFile; fileRef = 3FB4D30217C4828900DBCDB5 /* PEPDiscountViewController.xib */; };
/* End PBXBuildFile section */

/* Begin PBXFileReference section */
		3FB4D2C217C478F400DBCDB5 /* Pepowant.app */ = {isa = PBXFileReference; explicitFileType = wrapper.application; includeInIndex = 0; path = Pepowant.app; sourceTree = BUILT_PRODUCTS_DIR; };
		3FB4D2C517C478F400DBCDB5 /* UIKit.framework */ = {isa = PBXFileReference; lastKnownFileType = wrapper.framework; name = UIKit.framework; path = System/Library/Frameworks/UIKit.framework; sourceTree = SDKROOT; };
		3FB4D2C717C478F500DBCDB5 /* Foundation.framework */ = {isa = PBXFileReference; lastKnownFileType = wrapper.framework; name = Foundation.framework; path = System/Library/Frameworks/Foundation.framework; sourceTree = SDKROOT; };
		3FB4D2C917C478F500DBCDB5 /* CoreGraphics.framework */ = {isa = PBXFileReference; lastKnownFileType = wrapper.framework; name = CoreGraphics.framework; path = System/Library/Frameworks/CoreGraphics.framework; sourceTree = SDKROOT; };
		3FB4D2CD17C478F500DBCDB5 /* Pepowant-Info.plist */ = {isa = PBXFileReference; lastKnownFileType = text.plist.xml; path = "Pepowant-Info.plist"; sourceTree = "<group>"; };
		3FB4D2CF17C478F500DBCDB5 /* en */ = {isa = PBXFileReference; lastKnownFileType = text.plist.strings; name = en; path = en.lproj/InfoPlist.strings; sourceTree = "<group>"; };
		3FB4D2D117C478F500DBCDB5 /* main.m */ = {isa = PBXFileReference; lastKnownFileType = sourcecode.c.objc; path = main.m; sourceTree = "<group>"; };
		3FB4D2D317C478F500DBCDB5 /* Pepowant-Prefix.pch */ = {isa = PBXFileReference; lastKnownFileType = sourcecode.c.h; path = "Pepowant-Prefix.pch"; sourceTree = "<group>"; };
		3FB4D2D417C478F500DBCDB5 /* PEPAppDelegate.h */ = {isa = PBXFileReference; lastKnownFileType = sourcecode.c.h; path = PEPAppDelegate.h; sourceTree = "<group>"; };
		3FB4D2D517C478F500DBCDB5 /* PEPAppDelegate.m */ = {isa = PBXFileReference; lastKnownFileType = sourcecode.c.objc; path = PEPAppDelegate.m; sourceTree = "<group>"; };
		3FB4D2D717C478F500DBCDB5 /* Default.png */ = {isa = PBXFileReference; lastKnownFileType = image.png; path = Default.png; sourceTree = "<group>"; };
		3FB4D2D917C478F500DBCDB5 /* Default@2x.png */ = {isa = PBXFileReference; lastKnownFileType = image.png; path = "Default@2x.png"; sourceTree = "<group>"; };
		3FB4D2DB17C478F500DBCDB5 /* Default-568h@2x.png */ = {isa = PBXFileReference; lastKnownFileType = image.png; path = "Default-568h@2x.png"; sourceTree = "<group>"; };
		3FB4D2DD17C478F500DBCDB5 /* PEPViewController.h */ = {isa = PBXFileReference; lastKnownFileType = sourcecode.c.h; path = PEPViewController.h; sourceTree = "<group>"; };
		3FB4D2DE17C478F500DBCDB5 /* PEPViewController.m */ = {isa = PBXFileReference; lastKnownFileType = sourcecode.c.objc; path = PEPViewController.m; sourceTree = "<group>"; };
		3FB4D2E117C478F500DBCDB5 /* en */ = {isa = PBXFileReference; lastKnownFileType = file.xib; name = en; path = en.lproj/PEPViewController_iPhone.xib; sourceTree = "<group>"; };
		3FB4D2E417C478F500DBCDB5 /* en */ = {isa = PBXFileReference; lastKnownFileType = file.xib; name = en; path = en.lproj/PEPViewController_iPad.xib; sourceTree = "<group>"; };
		3FB4D2F117C47A6900DBCDB5 /* Icon.png */ = {isa = PBXFileReference; lastKnownFileType = image.png; name = Icon.png; path = images/Icon.png; sourceTree = "<group>"; };
		3FB4D2F217C47A6900DBCDB5 /* Icon@2x.png */ = {isa = PBXFileReference; lastKnownFileType = image.png; name = "Icon@2x.png"; path = "images/Icon@2x.png"; sourceTree = "<group>"; };
		3FB4D2F917C47BC800DBCDB5 /* logo.jpg */ = {isa = PBXFileReference; lastKnownFileType = image.jpeg; name = logo.jpg; path = images/logo.jpg; sourceTree = "<group>"; };
		3FB4D2FB17C4803C00DBCDB5 /* PEPSignupViewController.h */ = {isa = PBXFileReference; fileEncoding = 4; lastKnownFileType = sourcecode.c.h; path = PEPSignupViewController.h; sourceTree = "<group>"; };
		3FB4D2FC17C4803C00DBCDB5 /* PEPSignupViewController.m */ = {isa = PBXFileReference; fileEncoding = 4; lastKnownFileType = sourcecode.c.objc; path = PEPSignupViewController.m; sourceTree = "<group>"; };
		3FB4D2FD17C4803C00DBCDB5 /* PEPSignupViewController.xib */ = {isa = PBXFileReference; fileEncoding = 4; lastKnownFileType = file.xib; path = PEPSignupViewController.xib; sourceTree = "<group>"; };
		3FB4D30017C4828900DBCDB5 /* PEPDiscountViewController.h */ = {isa = PBXFileReference; fileEncoding = 4; lastKnownFileType = sourcecode.c.h; path = PEPDiscountViewController.h; sourceTree = "<group>"; };
		3FB4D30117C4828900DBCDB5 /* PEPDiscountViewController.m */ = {isa = PBXFileReference; fileEncoding = 4; lastKnownFileType = sourcecode.c.objc; path = PEPDiscountViewController.m; sourceTree = "<group>"; };
		3FB4D30217C4828900DBCDB5 /* PEPDiscountViewController.xib */ = {isa = PBXFileReference; fileEncoding = 4; lastKnownFileType = file.xib; path = PEPDiscountViewController.xib; sourceTree = "<group>"; };
/* End PBXFileReference section */

/* Begin PBXFrameworksBuildPhase section */
		3FB4D2BF17C478F400DBCDB5 /* Frameworks */ = {
			isa = PBXFrameworksBuildPhase;
			buildActionMask = 2147483647;
			files = (
				3FB4D2C617C478F500DBCDB5 /* UIKit.framework in Frameworks */,
				3FB4D2C817C478F500DBCDB5 /* Foundation.framework in Frameworks */,
				3FB4D2CA17C478F500DBCDB5 /* CoreGraphics.framework in Frameworks */,
			);
			runOnlyForDeploymentPostprocessing = 0;
		};
/* End PBXFrameworksBuildPhase section */

/* Begin PBXGroup section */
		3FB4D2B917C478F400DBCDB5 = {
			isa = PBXGroup;
			children = (
				3FB4D2CB17C478F500DBCDB5 /* Pepowant */,
				3FB4D2C417C478F400DBCDB5 /* Frameworks */,
				3FB4D2C317C478F400DBCDB5 /* Products */,
			);
			sourceTree = "<group>";
		};
		3FB4D2C317C478F400DBCDB5 /* Products */ = {
			isa = PBXGroup;
			children = (
				3FB4D2C217C478F400DBCDB5 /* Pepowant.app */,
			);
			name = Products;
			sourceTree = "<group>";
		};
		3FB4D2C417C478F400DBCDB5 /* Frameworks */ = {
			isa = PBXGroup;
			children = (
				3FB4D2C517C478F400DBCDB5 /* UIKit.framework */,
				3FB4D2C717C478F500DBCDB5 /* Foundation.framework */,
				3FB4D2C917C478F500DBCDB5 /* CoreGraphics.framework */,
			);
			name = Frameworks;
			sourceTree = "<group>";
		};
		3FB4D2CB17C478F500DBCDB5 /* Pepowant */ = {
			isa = PBXGroup;
			children = (
				3FB4D2D417C478F500DBCDB5 /* PEPAppDelegate.h */,
				3FB4D2D517C478F500DBCDB5 /* PEPAppDelegate.m */,
				3FB4D2DD17C478F500DBCDB5 /* PEPViewController.h */,
				3FB4D2DE17C478F500DBCDB5 /* PEPViewController.m */,
				3FB4D2E017C478F500DBCDB5 /* PEPViewController_iPhone.xib */,
				3FB4D2FB17C4803C00DBCDB5 /* PEPSignupViewController.h */,
				3FB4D2FC17C4803C00DBCDB5 /* PEPSignupViewController.m */,
				3FB4D2FD17C4803C00DBCDB5 /* PEPSignupViewController.xib */,
				3FB4D30017C4828900DBCDB5 /* PEPDiscountViewController.h */,
				3FB4D30117C4828900DBCDB5 /* PEPDiscountViewController.m */,
				3FB4D30217C4828900DBCDB5 /* PEPDiscountViewController.xib */,
				3FB4D2E317C478F500DBCDB5 /* PEPViewController_iPad.xib */,
				3FB4D2CC17C478F500DBCDB5 /* Supporting Files */,
			);
			path = Pepowant;
			sourceTree = "<group>";
		};
		3FB4D2CC17C478F500DBCDB5 /* Supporting Files */ = {
			isa = PBXGroup;
			children = (
				3FB4D2F917C47BC800DBCDB5 /* logo.jpg */,
				3FB4D2F117C47A6900DBCDB5 /* Icon.png */,
				3FB4D2F217C47A6900DBCDB5 /* Icon@2x.png */,
				3FB4D2CD17C478F500DBCDB5 /* Pepowant-Info.plist */,
				3FB4D2CE17C478F500DBCDB5 /* InfoPlist.strings */,
				3FB4D2D117C478F500DBCDB5 /* main.m */,
				3FB4D2D317C478F500DBCDB5 /* Pepowant-Prefix.pch */,
				3FB4D2D717C478F500DBCDB5 /* Default.png */,
				3FB4D2D917C478F500DBCDB5 /* Default@2x.png */,
				3FB4D2DB17C478F500DBCDB5 /* Default-568h@2x.png */,
			);
			name = "Supporting Files";
			sourceTree = "<group>";
		};
/* End PBXGroup section */

/* Begin PBXNativeTarget section */
		3FB4D2C117C478F400DBCDB5 /* Pepowant */ = {
			isa = PBXNativeTarget;
			buildConfigurationList = 3FB4D2E817C478F500DBCDB5 /* Build configuration list for PBXNativeTarget "Pepowant" */;
			buildPhases = (
				3FB4D2BE17C478F400DBCDB5 /* Sources */,
				3FB4D2BF17C478F400DBCDB5 /* Frameworks */,
				3FB4D2C017C478F400DBCDB5 /* Resources */,
			);
			buildRules = (
			);
			dependencies = (
			);
			name = Pepowant;
			productName = Pepowant;
			productReference = 3FB4D2C217C478F400DBCDB5 /* Pepowant.app */;
			productType = "com.apple.product-type.application";
		};
/* End PBXNativeTarget section */

/* Begin PBXProject section */
		3FB4D2BA17C478F400DBCDB5 /* Project object */ = {
			isa = PBXProject;
			attributes = {
				CLASSPREFIX = PEP;
				LastUpgradeCheck = 0460;
				ORGANIZATIONNAME = Pepowant;
			};
			buildConfigurationList = 3FB4D2BD17C478F400DBCDB5 /* Build configuration list for PBXProject "Pepowant" */;
			compatibilityVersion = "Xcode 3.2";
			developmentRegion = English;
			hasScannedForEncodings = 0;
			knownRegions = (
				en,
			);
			mainGroup = 3FB4D2B917C478F400DBCDB5;
			productRefGroup = 3FB4D2C317C478F400DBCDB5 /* Products */;
			projectDirPath = "";
			projectRoot = "";
			targets = (
				3FB4D2C117C478F400DBCDB5 /* Pepowant */,
			);
		};
/* End PBXProject section */

/* Begin PBXResourcesBuildPhase section */
		3FB4D2C017C478F400DBCDB5 /* Resources */ = {
			isa = PBXResourcesBuildPhase;
			buildActionMask = 2147483647;
			files = (
				3FB4D2D017C478F500DBCDB5 /* InfoPlist.strings in Resources */,
				3FB4D2D817C478F500DBCDB5 /* Default.png in Resources */,
				3FB4D2DA17C478F500DBCDB5 /* Default@2x.png in Resources */,
				3FB4D2DC17C478F500DBCDB5 /* Default-568h@2x.png in Resources */,
				3FB4D2E217C478F500DBCDB5 /* PEPViewController_iPhone.xib in Resources */,
				3FB4D2E517C478F500DBCDB5 /* PEPViewController_iPad.xib in Resources */,
				3FB4D2F317C47A6900DBCDB5 /* Icon.png in Resources */,
				3FB4D2F417C47A6900DBCDB5 /* Icon@2x.png in Resources */,
				3FB4D2FA17C47BC800DBCDB5 /* logo.jpg in Resources */,
				3FB4D2FF17C4803C00DBCDB5 /* PEPSignupViewController.xib in Resources */,
				3FB4D30417C4828900DBCDB5 /* PEPDiscountViewController.xib in Resources */,
			);
			runOnlyForDeploymentPostprocessing = 0;
		};
/* End PBXResourcesBuildPhase section */

/* Begin PBXSourcesBuildPhase section */
		3FB4D2BE17C478F400DBCDB5 /* Sources */ = {
			isa = PBXSourcesBuildPhase;
			buildActionMask = 2147483647;
			files = (
				3FB4D2D217C478F500DBCDB5 /* main.m in Sources */,
				3FB4D2D617C478F500DBCDB5 /* PEPAppDelegate.m in Sources */,
				3FB4D2DF17C478F500DBCDB5 /* PEPViewController.m in Sources */,
				3FB4D2FE17C4803C00DBCDB5 /* PEPSignupViewController.m in Sources */,
				3FB4D30317C4828900DBCDB5 /* PEPDiscountViewController.m in Sources */,
			);
			runOnlyForDeploymentPostprocessing = 0;
		};
/* End PBXSourcesBuildPhase section */

/* Begin PBXVariantGroup section */
		3FB4D2CE17C478F500DBCDB5 /* InfoPlist.strings */ = {
			isa = PBXVariantGroup;
			children = (
				3FB4D2CF17C478F500DBCDB5 /* en */,
			);
			name = InfoPlist.strings;
			sourceTree = "<group>";
		};
		3FB4D2E017C478F500DBCDB5 /* PEPViewController_iPhone.xib */ = {
			isa = PBXVariantGroup;
			children = (
				3FB4D2E117C478F500DBCDB5 /* en */,
			);
			name = PEPViewController_iPhone.xib;
			sourceTree = "<group>";
		};
		3FB4D2E317C478F500DBCDB5 /* PEPViewController_iPad.xib */ = {
			isa = PBXVariantGroup;
			children = (
				3FB4D2E417C478F500DBCDB5 /* en */,
			);
			name = PEPViewController_iPad.xib;
			sourceTree = "<group>";
		};
/* End PBXVariantGroup section */

/* Begin XCBuildConfiguration section */
		3FB4D2E617C478F500DBCDB5 /* Debug */ = {
			isa = XCBuildConfiguration;
			buildSettings = {
				ALWAYS_SEARCH_USER_PATHS = NO;
				CLANG_CXX_LANGUAGE_STANDARD = "gnu++0x";
				CLANG_CXX_LIBRARY = "libc++";
				CLANG_ENABLE_OBJC_ARC = YES;
				CLANG_WARN_CONSTANT_CONVERSION = YES;
				CLANG_WARN_EMPTY_BODY = YES;
				CLANG_WARN_ENUM_CONVERSION = YES;
				CLANG_WARN_INT_CONVERSION = YES;
				CLANG_WARN__DUPLICATE_METHOD_MATCH = YES;
				"CODE_SIGN_IDENTITY[sdk=iphoneos*]" = "iPhone Developer";
				COPY_PHASE_STRIP = NO;
				GCC_C_LANGUAGE_STANDARD = gnu99;
				GCC_DYNAMIC_NO_PIC = NO;
				GCC_OPTIMIZATION_LEVEL = 0;
				GCC_PREPROCESSOR_DEFINITIONS = (
					"DEBUG=1",
					"$(inherited)",
				);
				GCC_SYMBOLS_PRIVATE_EXTERN = NO;
				GCC_WARN_ABOUT_RETURN_TYPE = YES;
				GCC_WARN_UNINITIALIZED_AUTOS = YES;
				GCC_WARN_UNUSED_VARIABLE = YES;
				IPHONEOS_DEPLOYMENT_TARGET = 6.1;
				ONLY_ACTIVE_ARCH = YES;
				SDKROOT = iphoneos;
				TARGETED_DEVICE_FAMILY = "1,2";
			};
			name = Debug;
		};
		3FB4D2E717C478F500DBCDB5 /* Release */ = {
			isa = XCBuildConfiguration;
			buildSettings = {
				ALWAYS_SEARCH_USER_PATHS = NO;
				CLANG_CXX_LANGUAGE_STANDARD = "gnu++0x";
				CLANG_CXX_LIBRARY = "libc++";
				CLANG_ENABLE_OBJC_ARC = YES;
				CLANG_WARN_CONSTANT_CONVERSION = YES;
				CLANG_WARN_EMPTY_BODY = YES;
				CLANG_WARN_ENUM_CONVERSION = YES;
				CLANG_WARN_INT_CONVERSION = YES;
				CLANG_WARN__DUPLICATE_METHOD_MATCH = YES;
				"CODE_SIGN_IDENTITY[sdk=iphoneos*]" = "iPhone Developer";
				COPY_PHASE_STRIP = YES;
				GCC_C_LANGUAGE_STANDARD = gnu99;
				GCC_WARN_ABOUT_RETURN_TYPE = YES;
				GCC_WARN_UNINITIALIZED_AUTOS = YES;
				GCC_WARN_UNUSED_VARIABLE = YES;
				IPHONEOS_DEPLOYMENT_TARGET = 6.1;
				OTHER_CFLAGS = "-DNS_BLOCK_ASSERTIONS=1";
				SDKROOT = iphoneos;
				TARGETED_DEVICE_FAMILY = "1,2";
				VALIDATE_PRODUCT = YES;
			};
			name = Release;
		};
		3FB4D2E917C478F500DBCDB5 /* Debug */ = {
			isa = XCBuildConfiguration;
			buildSettings = {
				GCC_PRECOMPILE_PREFIX_HEADER = YES;
				GCC_PREFIX_HEADER = "Pepowant/Pepowant-Prefix.pch";
				INFOPLIST_FILE = "Pepowant/Pepowant-Info.plist";
				PRODUCT_NAME = "$(TARGET_NAME)";
				WRAPPER_EXTENSION = app;
			};
			name = Debug;
		};
		3FB4D2EA17C478F500DBCDB5 /* Release */ = {
			isa = XCBuildConfiguration;
			buildSettings = {
				GCC_PRECOMPILE_PREFIX_HEADER = YES;
				GCC_PREFIX_HEADER = "Pepowant/Pepowant-Prefix.pch";
				INFOPLIST_FILE = "Pepowant/Pepowant-Info.plist";
				PRODUCT_NAME = "$(TARGET_NAME)";
				WRAPPER_EXTENSION = app;
			};
			name = Release;
		};
/* End XCBuildConfiguration section */

/* Begin XCConfigurationList section */
		3FB4D2BD17C478F400DBCDB5 /* Build configuration list for PBXProject "Pepowant" */ = {
			isa = XCConfigurationList;
			buildConfigurations = (
				3FB4D2E617C478F500DBCDB5 /* Debug */,
				3FB4D2E717C478F500DBCDB5 /* Release */,
			);
			defaultConfigurationIsVisible = 0;
			defaultConfigurationName = Release;
		};
		3FB4D2E817C478F500DBCDB5 /* Build configuration list for PBXNativeTarget "Pepowant" */ = {
			isa = XCConfigurationList;
			buildConfigurations = (
				3FB4D2E917C478F500DBCDB5 /* Debug */,
				3FB4D2EA17C478F500DBCDB5 /* Release */,
			);
			defaultConfigurationIsVisible = 0;
		};
/* End XCConfigurationList section */
	};
	rootObject = 3FB4D2BA17C478F400DBCDB5 /* Project object */;
}
